{
  "name": "@ongojs/tcp",
  "version": "0.0.0",
  "lockfileVersion": 3,
  "requires": true,
  "packages": {
    "": {
      "name": "@ongojs/tcp",
      "version": "0.0.0",
      "license": "MIT",
      "dependencies": {
        "@ongojs/client": "file:../client",
        "@ongojs/server": "file:../server",
        "dotenv": "16.0.3"
      },
      "bin": {
        "tcp": "bin/index.js"
      }
    },
    "node_modules/@ongojs/client": {
      "version": "0.0.0",
      "resolved": "file:../client",
      "license": "MIT",
      "bin": {
        "client": "bin/index.js"
      }
    },
    "node_modules/@ongojs/server": {
      "version": "0.0.0",
      "resolved": "file:../server",
      "license": "MIT",
      "bin": {
        "server": "bin/index.js"
      }
    },
    "node_modules/dotenv": {
      "version": "16.0.3",
      "resolved": "https://registry.npmjs.org/dotenv/-/dotenv-16.0.3.tgz",
      "integrity": "sha512-7GO6HghkA5fYG9TYnNxi14/7K9f5occMlp3zXAuSxn7CKCxt9xbNWG7yF8hTCSUchlfWSe3uLmlPfigevRItzQ==",
      "engines": {
        "node": ">=12"
      }
    }
  }
}
